
Microsoft Visual Studio Solution File, Format Version 12.00
# Visual Studio Version 16
VisualStudioVersion = 16.0.30114.105
MinimumVisualStudioVersion = 10.0.40219.1
Project("{FAE04EC0-301F-11D3-BF4B-00C04F79EFBC}") = "Ex3.ConsoleUI", "Ex3.ConsoleUI\Ex3.ConsoleUI.csproj", "{13AF887C-4C7B-4F05-9A9F-7A83DF73C5CD}"
EndProject
Project("{FAE04EC0-301F-11D3-BF4B-00C04F79EFBC}") = "Ex03.GarageLogic", "Ex03.GarageLogic\Ex03.GarageLogic.csproj", "{C1362690-D519-414B-9ECC-634240F842A6}"
EndProject
Global
	GlobalSection(SolutionConfigurationPlatforms) = preSolution
		Debug|Any CPU = Debug|Any CPU
		Release|Any CPU = Release|Any CPU
	EndGlobalSection
	GlobalSection(ProjectConfigurationPlatforms) = postSolution
		{13AF887C-4C7B-4F05-9A9F-7A83DF73C5CD}.Debug|Any CPU.ActiveCfg = Debug|Any CPU
		{13AF887C-4C7B-4F05-9A9F-7A83DF73C5CD}.Debug|Any CPU.Build.0 = Debug|Any CPU
		{13AF887C-4C7B-4F05-9A9F-7A83DF73C5CD}.Release|Any CPU.ActiveCfg = Release|Any CPU
		{13AF887C-4C7B-4F05-9A9F-7A83DF73C5CD}.Release|Any CPU.Build.0 = Release|Any CPU
		{C1362690-D519-414B-9ECC-634240F842A6}.Debug|Any CPU.ActiveCfg = Debug|Any CPU
		{C1362690-D519-414B-9ECC-634240F842A6}.Debug|Any CPU.Build.0 = Debug|Any CPU
		{C1362690-D519-414B-9ECC-634240F842A6}.Release|Any CPU.ActiveCfg = Release|Any CPU
		{C1362690-D519-414B-9ECC-634240F842A6}.Release|Any CPU.Build.0 = Release|Any CPU
	EndGlobalSection
	GlobalSection(SolutionProperties) = preSolution
		HideSolutionNode = FALSE
	EndGlobalSection
	GlobalSection(ExtensibilityGlobals) = postSolution
		SolutionGuid = {D188CDC1-7FDE-4073-A979-FD270BBD1C9B}
	EndGlobalSection
EndGlobal
